
Microsoft Visual Studio Solution File, Format Version 12.00
# Visual Studio Version 17
VisualStudioVersion = 17.9.34723.18
MinimumVisualStudioVersion = 10.0.40219.1
Project("{FAE04EC0-301F-11D3-BF4B-00C04F79EFBC}") = "ZeroTranslate", "ZeroTranslate\ZeroTranslate.csproj", "{4471D6E0-1784-4B75-803C-1BF4F396BDF5}"
EndProject
Project("{2150E333-8FDC-42A3-9474-1A3956D46DE8}") = "Tests", "Tests", "{0AB3BF05-4346-4AA6-1389-037BE0695223}"
EndProject
Project("{FAE04EC0-301F-11D3-BF4B-00C04F79EFBC}") = "ZeroTranslate.Tests", "Tests\ZeroTranslate.Tests.csproj", "{D12637A9-F9CD-4C35-B8ED-317EB7D2C492}"
EndProject
Global
	GlobalSection(SolutionConfigurationPlatforms) = preSolution
		Debug|Any CPU = Debug|Any CPU
		Debug|x64 = Debug|x64
		Debug|x86 = Debug|x86
		Release|Any CPU = Release|Any CPU
		Release|x64 = Release|x64
		Release|x86 = Release|x86
	EndGlobalSection
	GlobalSection(ProjectConfigurationPlatforms) = postSolution
		{4471D6E0-1784-4B75-803C-1BF4F396BDF5}.Debug|Any CPU.ActiveCfg = Debug|Any CPU
		{4471D6E0-1784-4B75-803C-1BF4F396BDF5}.Debug|Any CPU.Build.0 = Debug|Any CPU
		{4471D6E0-1784-4B75-803C-1BF4F396BDF5}.Debug|x64.ActiveCfg = Debug|Any CPU
		{4471D6E0-1784-4B75-803C-1BF4F396BDF5}.Debug|x64.Build.0 = Debug|Any CPU
		{4471D6E0-1784-4B75-803C-1BF4F396BDF5}.Debug|x86.ActiveCfg = Debug|Any CPU
		{4471D6E0-1784-4B75-803C-1BF4F396BDF5}.Debug|x86.Build.0 = Debug|Any CPU
		{4471D6E0-1784-4B75-803C-1BF4F396BDF5}.Release|Any CPU.ActiveCfg = Release|Any CPU
		{4471D6E0-1784-4B75-803C-1BF4F396BDF5}.Release|Any CPU.Build.0 = Release|Any CPU
		{4471D6E0-1784-4B75-803C-1BF4F396BDF5}.Release|x64.ActiveCfg = Release|Any CPU
		{4471D6E0-1784-4B75-803C-1BF4F396BDF5}.Release|x64.Build.0 = Release|Any CPU
		{4471D6E0-1784-4B75-803C-1BF4F396BDF5}.Release|x86.ActiveCfg = Release|Any CPU
		{4471D6E0-1784-4B75-803C-1BF4F396BDF5}.Release|x86.Build.0 = Release|Any CPU
		{D12637A9-F9CD-4C35-B8ED-317EB7D2C492}.Debug|Any CPU.ActiveCfg = Debug|Any CPU
		{D12637A9-F9CD-4C35-B8ED-317EB7D2C492}.Debug|Any CPU.Build.0 = Debug|Any CPU
		{D12637A9-F9CD-4C35-B8ED-317EB7D2C492}.Debug|x64.ActiveCfg = Debug|Any CPU
		{D12637A9-F9CD-4C35-B8ED-317EB7D2C492}.Debug|x64.Build.0 = Debug|Any CPU
		{D12637A9-F9CD-4C35-B8ED-317EB7D2C492}.Debug|x86.ActiveCfg = Debug|Any CPU
		{D12637A9-F9CD-4C35-B8ED-317EB7D2C492}.Debug|x86.Build.0 = Debug|Any CPU
		{D12637A9-F9CD-4C35-B8ED-317EB7D2C492}.Release|Any CPU.ActiveCfg = Release|Any CPU
		{D12637A9-F9CD-4C35-B8ED-317EB7D2C492}.Release|Any CPU.Build.0 = Release|Any CPU
		{D12637A9-F9CD-4C35-B8ED-317EB7D2C492}.Release|x64.ActiveCfg = Release|Any CPU
		{D12637A9-F9CD-4C35-B8ED-317EB7D2C492}.Release|x64.Build.0 = Release|Any CPU
		{D12637A9-F9CD-4C35-B8ED-317EB7D2C492}.Release|x86.ActiveCfg = Release|Any CPU
		{D12637A9-F9CD-4C35-B8ED-317EB7D2C492}.Release|x86.Build.0 = Release|Any CPU
	EndGlobalSection
	GlobalSection(SolutionProperties) = preSolution
		HideSolutionNode = FALSE
	EndGlobalSection
	GlobalSection(NestedProjects) = preSolution
		{D12637A9-F9CD-4C35-B8ED-317EB7D2C492} = {0AB3BF05-4346-4AA6-1389-037BE0695223}
	EndGlobalSection
	GlobalSection(ExtensibilityGlobals) = postSolution
		SolutionGuid = {001A29AE-2C61-4BD4-A9AE-62DCCD98A8F4}
	EndGlobalSection
EndGlobal
